
Microsoft Visual Studio Solution File, Format Version 12.00
# Visual Studio Version 17
VisualStudioVersion = 17.7.34221.43
MinimumVisualStudioVersion = 10.0.40219.1
Project("{FAE04EC0-301F-11D3-BF4B-00C04F79EFBC}") = "Portaviones", "Portaviones.csproj", "{8FED33D4-D72B-452C-BB38-56295E80ED4A}"
EndProject
Global
	GlobalSection(SolutionConfigurationPlatforms) = preSolution
		Debug|Any CPU = Debug|Any CPU
		Release|Any CPU = Release|Any CPU
	EndGlobalSection
	GlobalSection(ProjectConfigurationPlatforms) = postSolution
		{8FED33D4-D72B-452C-BB38-56295E80ED4A}.Debug|Any CPU.ActiveCfg = Debug|Any CPU
		{8FED33D4-D72B-452C-BB38-56295E80ED4A}.Debug|Any CPU.Build.0 = Debug|Any CPU
		{8FED33D4-D72B-452C-BB38-56295E80ED4A}.Release|Any CPU.ActiveCfg = Release|Any CPU
		{8FED33D4-D72B-452C-BB38-56295E80ED4A}.Release|Any CPU.Build.0 = Release|Any CPU
	EndGlobalSection
	GlobalSection(SolutionProperties) = preSolution
		HideSolutionNode = FALSE
	EndGlobalSection
	GlobalSection(ExtensibilityGlobals) = postSolution
		SolutionGuid = {2CDFCDF0-F11D-4C47-B5F7-3901756C546A}
	EndGlobalSection
EndGlobal
